
Microsoft Visual Studio Solution File, Format Version 12.00
# Visual Studio Version 16
VisualStudioVersion = 16.0.31321.278
MinimumVisualStudioVersion = 10.0.40219.1
Project("{FAE04EC0-301F-11D3-BF4B-00C04F79EFBC}") = "WindowsFormsApp4", "WindowsFormsApp4\WindowsFormsApp4.csproj", "{3A88D723-CA74-451A-A32B-D1DF40E88FC9}"
EndProject
Global
	GlobalSection(SolutionConfigurationPlatforms) = preSolution
		Debug|Any CPU = Debug|Any CPU
		Release|Any CPU = Release|Any CPU
	EndGlobalSection
	GlobalSection(ProjectConfigurationPlatforms) = postSolution
		{3A88D723-CA74-451A-A32B-D1DF40E88FC9}.Debug|Any CPU.ActiveCfg = Debug|Any CPU
		{3A88D723-CA74-451A-A32B-D1DF40E88FC9}.Debug|Any CPU.Build.0 = Debug|Any CPU
		{3A88D723-CA74-451A-A32B-D1DF40E88FC9}.Release|Any CPU.ActiveCfg = Release|Any CPU
		{3A88D723-CA74-451A-A32B-D1DF40E88FC9}.Release|Any CPU.Build.0 = Release|Any CPU
	EndGlobalSection
	GlobalSection(SolutionProperties) = preSolution
		HideSolutionNode = FALSE
	EndGlobalSection
	GlobalSection(ExtensibilityGlobals) = postSolution
		SolutionGuid = {CCDA3CD9-E875-471F-A680-0BC44148040E}
	EndGlobalSection
EndGlobal
