
Microsoft Visual Studio Solution File, Format Version 12.00
# Visual Studio Version 16
VisualStudioVersion = 16.0.31321.278
MinimumVisualStudioVersion = 10.0.40219.1
Project("{FAE04EC0-301F-11D3-BF4B-00C04F79EFBC}") = "Exercise_ Serialize", "Exercise_ Serialize\Exercise_ Serialize.csproj", "{4190FBD3-052A-4912-8003-8BF91C10B36B}"
EndProject
Global
	GlobalSection(SolutionConfigurationPlatforms) = preSolution
		Debug|Any CPU = Debug|Any CPU
		Release|Any CPU = Release|Any CPU
	EndGlobalSection
	GlobalSection(ProjectConfigurationPlatforms) = postSolution
		{4190FBD3-052A-4912-8003-8BF91C10B36B}.Debug|Any CPU.ActiveCfg = Debug|Any CPU
		{4190FBD3-052A-4912-8003-8BF91C10B36B}.Debug|Any CPU.Build.0 = Debug|Any CPU
		{4190FBD3-052A-4912-8003-8BF91C10B36B}.Release|Any CPU.ActiveCfg = Release|Any CPU
		{4190FBD3-052A-4912-8003-8BF91C10B36B}.Release|Any CPU.Build.0 = Release|Any CPU
	EndGlobalSection
	GlobalSection(SolutionProperties) = preSolution
		HideSolutionNode = FALSE
	EndGlobalSection
	GlobalSection(ExtensibilityGlobals) = postSolution
		SolutionGuid = {E2B770D3-474E-4293-8DA0-60B38A9F5F75}
	EndGlobalSection
EndGlobal
